{
  "name": "pinia-typing-bug",
  "version": "1.0.0",
  "lockfileVersion": 1,
  "requires": true,
  "dependencies": {
    "@vue/composition-api": {
      "version": "1.4.0",
      "requires": {
        "tslib": "^2.3.1"
      }
    },
    "@vue/devtools-api": {
      "version": "6.0.0-beta.20.1",
      "resolved": "https://registry.npmjs.org/@vue/devtools-api/-/devtools-api-6.0.0-beta.20.1.tgz",
      "integrity": "sha512-R2rfiRY+kZugzWh9ZyITaovx+jpU4vgivAEAiz80kvh3yviiTU3CBuGuyWpSwGz9/C7TkSWVM/FtQRGlZ16n8Q=="
    },
    "pinia": {
      "version": "2.0.4",
      "resolved": "https://registry.npmjs.org/pinia/-/pinia-2.0.4.tgz",
      "integrity": "sha512-nAc2f9HmOcBbWRlnGDuBGedM1G6uFAR10FnJWP1/dgm1I2tM5jbgKL/3IgynP4mBnPCy//ky7g0WpCZl5Mmxsg==",
      "requires": {
        "@vue/devtools-api": "^6.0.0-beta.20.1",
        "vue-demi": "*"
      }
    },
    "tslib": {
      "version": "2.3.1",
      "resolved": "https://registry.npmjs.org/tslib/-/tslib-2.3.1.tgz",
      "integrity": "sha512-77EbyPPpMz+FRFRuAFlWMtmgUWGe9UOG2Z25NqCwiIjRhOf5iKGuzSe5P2w1laq+FkRy4p+PCuVkJSGkzTEKVw=="
    },
    "typescript": {
      "version": "4.5.2",
      "dev": true
    },
    "vue": {
      "version": "2.6.14"
    },
    "vue-demi": {
      "version": "0.12.1",
      "resolved": "https://registry.npmjs.org/vue-demi/-/vue-demi-0.12.1.tgz",
      "integrity": "sha512-QL3ny+wX8c6Xm1/EZylbgzdoDolye+VpCXRhI2hug9dJTP3OUJ3lmiKN3CsVV3mOJKwFi0nsstbgob0vG7aoIw=="
    },
    "vue-router": {
      "version": "3.5.3"
    }
  }
}
